
Microsoft Visual Studio Solution File, Format Version 12.00
# Visual Studio 15
VisualStudioVersion = 15.0.28307.779
MinimumVisualStudioVersion = 10.0.40219.1
Project("{FAE04EC0-301F-11D3-BF4B-00C04F79EFBC}") = "TicTacToe", "TicTacToe\TicTacToe.csproj", "{4841FBAC-823E-49A6-980C-1DE7A2FC4D08}"
EndProject
Global
	GlobalSection(SolutionConfigurationPlatforms) = preSolution
		Debug|Any CPU = Debug|Any CPU
		Release|Any CPU = Release|Any CPU
	EndGlobalSection
	GlobalSection(ProjectConfigurationPlatforms) = postSolution
		{4841FBAC-823E-49A6-980C-1DE7A2FC4D08}.Debug|Any CPU.ActiveCfg = Debug|Any CPU
		{4841FBAC-823E-49A6-980C-1DE7A2FC4D08}.Debug|Any CPU.Build.0 = Debug|Any CPU
		{4841FBAC-823E-49A6-980C-1DE7A2FC4D08}.Release|Any CPU.ActiveCfg = Release|Any CPU
		{4841FBAC-823E-49A6-980C-1DE7A2FC4D08}.Release|Any CPU.Build.0 = Release|Any CPU
	EndGlobalSection
	GlobalSection(SolutionProperties) = preSolution
		HideSolutionNode = FALSE
	EndGlobalSection
	GlobalSection(ExtensibilityGlobals) = postSolution
		SolutionGuid = {F5858A02-2678-4CC6-BF19-70A94686601D}
	EndGlobalSection
EndGlobal
